
Microsoft Visual Studio Solution File, Format Version 12.00
# Visual Studio Version 16
VisualStudioVersion = 16.0.30413.136
MinimumVisualStudioVersion = 10.0.40219.1
Project("{FAE04EC0-301F-11D3-BF4B-00C04F79EFBC}") = "LTQL1", "LTQL1\LTQL1.csproj", "{49C68F2B-D67D-4AAA-BA43-B5A9870C24E0}"
EndProject
Global
	GlobalSection(SolutionConfigurationPlatforms) = preSolution
		Debug|Any CPU = Debug|Any CPU
		Release|Any CPU = Release|Any CPU
	EndGlobalSection
	GlobalSection(ProjectConfigurationPlatforms) = postSolution
		{49C68F2B-D67D-4AAA-BA43-B5A9870C24E0}.Debug|Any CPU.ActiveCfg = Debug|Any CPU
		{49C68F2B-D67D-4AAA-BA43-B5A9870C24E0}.Debug|Any CPU.Build.0 = Debug|Any CPU
		{49C68F2B-D67D-4AAA-BA43-B5A9870C24E0}.Release|Any CPU.ActiveCfg = Release|Any CPU
		{49C68F2B-D67D-4AAA-BA43-B5A9870C24E0}.Release|Any CPU.Build.0 = Release|Any CPU
	EndGlobalSection
	GlobalSection(SolutionProperties) = preSolution
		HideSolutionNode = FALSE
	EndGlobalSection
	GlobalSection(ExtensibilityGlobals) = postSolution
		SolutionGuid = {9FC8D3C7-E214-4BCB-BEEC-584AD12DBEAB}
	EndGlobalSection
EndGlobal
